// !$*UTF8*$!
{
	archiveVersion = 1;
	classes = {
	};
	objectVersion = 55;
	objects = {

/* Begin PBXBuildFile section */
		4D18AE19286A840E007A263A /* Tests_iOS.swift in Sources */ = {isa = PBXBuildFile; fileRef = 4D18AE18286A840E007A263A /* Tests_iOS.swift */; };
		4D18AE1B286A840E007A263A /* Tests_iOSLaunchTests.swift in Sources */ = {isa = PBXBuildFile; fileRef = 4D18AE1A286A840E007A263A /* Tests_iOSLaunchTests.swift */; };
		4D18AE25286A840E007A263A /* Tests_macOS.swift in Sources */ = {isa = PBXBuildFile; fileRef = 4D18AE24286A840E007A263A /* Tests_macOS.swift */; };
		4D18AE27286A840E007A263A /* Tests_macOSLaunchTests.swift in Sources */ = {isa = PBXBuildFile; fileRef = 4D18AE26286A840E007A263A /* Tests_macOSLaunchTests.swift */; };
		4D18AE28286A840E007A263A /* TipRightApp.swift in Sources */ = {isa = PBXBuildFile; fileRef = 4D18AE00286A840B007A263A /* TipRightApp.swift */; };
		4D18AE29286A840E007A263A /* TipRightApp.swift in Sources */ = {isa = PBXBuildFile; fileRef = 4D18AE00286A840B007A263A /* TipRightApp.swift */; };
		4D18AE2B286A840E007A263A /* ContentView.swift in Sources */ = {isa = PBXBuildFile; fileRef = 4D18AE01286A840B007A263A /* ContentView.swift */; };
		4D18AE2C286A840E007A263A /* Assets.xcassets in Resources */ = {isa = PBXBuildFile; fileRef = 4D18AE02286A840D007A263A /* Assets.xcassets */; };
		4D18AE2D286A840E007A263A /* Assets.xcassets in Resources */ = {isa = PBXBuildFile; fileRef = 4D18AE02286A840D007A263A /* Assets.xcassets */; };
/* End PBXBuildFile section */

/* Begin PBXContainerItemProxy section */
		4D18AE15286A840E007A263A /* PBXContainerItemProxy */ = {
			isa = PBXContainerItemProxy;
			containerPortal = 4D18ADFB286A840A007A263A /* Project object */;
			proxyType = 1;
			remoteGlobalIDString = 4D18AE06286A840D007A263A;
			remoteInfo = "TipRight (iOS)";
		};
		4D18AE21286A840E007A263A /* PBXContainerItemProxy */ = {
			isa = PBXContainerItemProxy;
			containerPortal = 4D18ADFB286A840A007A263A /* Project object */;
			proxyType = 1;
			remoteGlobalIDString = 4D18AE0C286A840E007A263A;
			remoteInfo = "TipRight (macOS)";
		};
/* End PBXContainerItemProxy section */

/* Begin PBXFileReference section */
		4D18AE00286A840B007A263A /* TipRightApp.swift */ = {isa = PBXFileReference; lastKnownFileType = sourcecode.swift; path = TipRightApp.swift; sourceTree = "<group>"; };
		4D18AE01286A840B007A263A /* ContentView.swift */ = {isa = PBXFileReference; lastKnownFileType = sourcecode.swift; path = ContentView.swift; sourceTree = "<group>"; };
		4D18AE02286A840D007A263A /* Assets.xcassets */ = {isa = PBXFileReference; lastKnownFileType = folder.assetcatalog; path = Assets.xcassets; sourceTree = "<group>"; };
		4D18AE07286A840D007A263A /* TipRight.app */ = {isa = PBXFileReference; explicitFileType = wrapper.application; includeInIndex = 0; path = TipRight.app; sourceTree = BUILT_PRODUCTS_DIR; };
		4D18AE0D286A840E007A263A /* TipRight.app */ = {isa = PBXFileReference; explicitFileType = wrapper.application; includeInIndex = 0; path = TipRight.app; sourceTree = BUILT_PRODUCTS_DIR; };
		4D18AE0F286A840E007A263A /* macOS.entitlements */ = {isa = PBXFileReference; lastKnownFileType = text.plist.entitlements; path = macOS.entitlements; sourceTree = "<group>"; };
		4D18AE14286A840E007A263A /* Tests iOS.xctest */ = {isa = PBXFileReference; explicitFileType = wrapper.cfbundle; includeInIndex = 0; path = "Tests iOS.xctest"; sourceTree = BUILT_PRODUCTS_DIR; };
		4D18AE18286A840E007A263A /* Tests_iOS.swift */ = {isa = PBXFileReference; lastKnownFileType = sourcecode.swift; path = Tests_iOS.swift; sourceTree = "<group>"; };
		4D18AE1A286A840E007A263A /* Tests_iOSLaunchTests.swift */ = {isa = PBXFileReference; lastKnownFileType = sourcecode.swift; path = Tests_iOSLaunchTests.swift; sourceTree = "<group>"; };
		4D18AE20286A840E007A263A /* Tests macOS.xctest */ = {isa = PBXFileReference; explicitFileType = wrapper.cfbundle; includeInIndex = 0; path = "Tests macOS.xctest"; sourceTree = BUILT_PRODUCTS_DIR; };
		4D18AE24286A840E007A263A /* Tests_macOS.swift */ = {isa = PBXFileReference; lastKnownFileType = sourcecode.swift; path = Tests_macOS.swift; sourceTree = "<group>"; };
		4D18AE26286A840E007A263A /* Tests_macOSLaunchTests.swift */ = {isa = PBXFileReference; lastKnownFileType = sourcecode.swift; path = Tests_macOSLaunchTests.swift; sourceTree = "<group>"; };
/* End PBXFileReference section */

/* Begin PBXFrameworksBuildPhase section */
		4D18AE04286A840D007A263A /* Frameworks */ = {
			isa = PBXFrameworksBuildPhase;
			buildActionMask = 2147483647;
			files = (
			);
			runOnlyForDeploymentPostprocessing = 0;
		};
		4D18AE0A286A840E007A263A /* Frameworks */ = {
			isa = PBXFrameworksBuildPhase;
			buildActionMask = 2147483647;
			files = (
			);
			runOnlyForDeploymentPostprocessing = 0;
		};
		4D18AE11286A840E007A263A /* Frameworks */ = {
			isa = PBXFrameworksBuildPhase;
			buildActionMask = 2147483647;
			files = (
			);
			runOnlyForDeploymentPostprocessing = 0;
		};
		4D18AE1D286A840E007A263A /* Frameworks */ = {
			isa = PBXFrameworksBuildPhase;
			buildActionMask = 2147483647;
			files = (
			);
			runOnlyForDeploymentPostprocessing = 0;
		};
/* End PBXFrameworksBuildPhase section */

/* Begin PBXGroup section */
		4D18ADFA286A840A007A263A = {
			isa = PBXGroup;
			children = (
				4D18ADFF286A840B007A263A /* Shared */,
				4D18AE0E286A840E007A263A /* macOS */,
				4D18AE17286A840E007A263A /* Tests iOS */,
				4D18AE23286A840E007A263A /* Tests macOS */,
				4D18AE08286A840D007A263A /* Products */,
			);
			sourceTree = "<group>";
		};
		4D18ADFF286A840B007A263A /* Shared */ = {
			isa = PBXGroup;
			children = (
				4D18AE00286A840B007A263A /* TipRightApp.swift */,
				4D18AE02286A840D007A263A /* Assets.xcassets */,
			);
			path = Shared;
			sourceTree = "<group>";
		};
		4D18AE08286A840D007A263A /* Products */ = {
			isa = PBXGroup;
			children = (
				4D18AE07286A840D007A263A /* TipRight.app */,
				4D18AE0D286A840E007A263A /* TipRight.app */,
				4D18AE14286A840E007A263A /* Tests iOS.xctest */,
				4D18AE20286A840E007A263A /* Tests macOS.xctest */,
			);
			name = Products;
			sourceTree = "<group>";
		};
		4D18AE0E286A840E007A263A /* macOS */ = {
			isa = PBXGroup;
			children = (
				4D18AE01286A840B007A263A /* ContentView.swift */,
				4D18AE0F286A840E007A263A /* macOS.entitlements */,
			);
			path = macOS;
			sourceTree = "<group>";
		};
		4D18AE17286A840E007A263A /* Tests iOS */ = {
			isa = PBXGroup;
			children = (
				4D18AE18286A840E007A263A /* Tests_iOS.swift */,
				4D18AE1A286A840E007A263A /* Tests_iOSLaunchTests.swift */,
			);
			path = "Tests iOS";
			sourceTree = "<group>";
		};
		4D18AE23286A840E007A263A /* Tests macOS */ = {
			isa = PBXGroup;
			children = (
				4D18AE24286A840E007A263A /* Tests_macOS.swift */,
				4D18AE26286A840E007A263A /* Tests_macOSLaunchTests.swift */,
			);
			path = "Tests macOS";
			sourceTree = "<group>";
		};
/* End PBXGroup section */

/* Begin PBXNativeTarget section */
		4D18AE06286A840D007A263A /* TipRight (iOS) */ = {
			isa = PBXNativeTarget;
			buildConfigurationList = 4D18AE30286A840E007A263A /* Build configuration list for PBXNativeTarget "TipRight (iOS)" */;
			buildPhases = (
				4D18AE03286A840D007A263A /* Sources */,
				4D18AE04286A840D007A263A /* Frameworks */,
				4D18AE05286A840D007A263A /* Resources */,
			);
			buildRules = (
			);
			dependencies = (
			);
			name = "TipRight (iOS)";
			productName = "TipRight (iOS)";
			productReference = 4D18AE07286A840D007A263A /* TipRight.app */;
			productType = "com.apple.product-type.application";
		};
		4D18AE0C286A840E007A263A /* TipRight (macOS) */ = {
			isa = PBXNativeTarget;
			buildConfigurationList = 4D18AE33286A840E007A263A /* Build configuration list for PBXNativeTarget "TipRight (macOS)" */;
			buildPhases = (
				4D18AE09286A840E007A263A /* Sources */,
				4D18AE0A286A840E007A263A /* Frameworks */,
				4D18AE0B286A840E007A263A /* Resources */,
			);
			buildRules = (
			);
			dependencies = (
			);
			name = "TipRight (macOS)";
			productName = "TipRight (macOS)";
			productReference = 4D18AE0D286A840E007A263A /* TipRight.app */;
			productType = "com.apple.product-type.application";
		};
		4D18AE13286A840E007A263A /* Tests iOS */ = {
			isa = PBXNativeTarget;
			buildConfigurationList = 4D18AE36286A840E007A263A /* Build configuration list for PBXNativeTarget "Tests iOS" */;
			buildPhases = (
				4D18AE10286A840E007A263A /* Sources */,
				4D18AE11286A840E007A263A /* Frameworks */,
				4D18AE12286A840E007A263A /* Resources */,
			);
			buildRules = (
			);
			dependencies = (
				4D18AE16286A840E007A263A /* PBXTargetDependency */,
			);
			name = "Tests iOS";
			productName = "Tests iOS";
			productReference = 4D18AE14286A840E007A263A /* Tests iOS.xctest */;
			productType = "com.apple.product-type.bundle.ui-testing";
		};
		4D18AE1F286A840E007A263A /* Tests macOS */ = {
			isa = PBXNativeTarget;
			buildConfigurationList = 4D18AE39286A840E007A263A /* Build configuration list for PBXNativeTarget "Tests macOS" */;
			buildPhases = (
				4D18AE1C286A840E007A263A /* Sources */,
				4D18AE1D286A840E007A263A /* Frameworks */,
				4D18AE1E286A840E007A263A /* Resources */,
			);
			buildRules = (
			);
			dependencies = (
				4D18AE22286A840E007A263A /* PBXTargetDependency */,
			);
			name = "Tests macOS";
			productName = "Tests macOS";
			productReference = 4D18AE20286A840E007A263A /* Tests macOS.xctest */;
			productType = "com.apple.product-type.bundle.ui-testing";
		};
/* End PBXNativeTarget section */

/* Begin PBXProject section */
		4D18ADFB286A840A007A263A /* Project object */ = {
			isa = PBXProject;
			attributes = {
				BuildIndependentTargetsInParallel = 1;
				LastSwiftUpdateCheck = 1340;
				LastUpgradeCheck = 1340;
				TargetAttributes = {
					4D18AE06286A840D007A263A = {
						CreatedOnToolsVersion = 13.4;
					};
					4D18AE0C286A840E007A263A = {
						CreatedOnToolsVersion = 13.4;
					};
					4D18AE13286A840E007A263A = {
						CreatedOnToolsVersion = 13.4;
						TestTargetID = 4D18AE06286A840D007A263A;
					};
					4D18AE1F286A840E007A263A = {
						CreatedOnToolsVersion = 13.4;
						TestTargetID = 4D18AE0C286A840E007A263A;
					};
				};
			};
			buildConfigurationList = 4D18ADFE286A840A007A263A /* Build configuration list for PBXProject "TipRight" */;
			compatibilityVersion = "Xcode 13.0";
			developmentRegion = en;
			hasScannedForEncodings = 0;
			knownRegions = (
				en,
				Base,
			);
			mainGroup = 4D18ADFA286A840A007A263A;
			productRefGroup = 4D18AE08286A840D007A263A /* Products */;
			projectDirPath = "";
			projectRoot = "";
			targets = (
				4D18AE06286A840D007A263A /* TipRight (iOS) */,
				4D18AE0C286A840E007A263A /* TipRight (macOS) */,
				4D18AE13286A840E007A263A /* Tests iOS */,
				4D18AE1F286A840E007A263A /* Tests macOS */,
			);
		};
/* End PBXProject section */

/* Begin PBXResourcesBuildPhase section */
		4D18AE05286A840D007A263A /* Resources */ = {
			isa = PBXResourcesBuildPhase;
			buildActionMask = 2147483647;
			files = (
				4D18AE2C286A840E007A263A /* Assets.xcassets in Resources */,
			);
			runOnlyForDeploymentPostprocessing = 0;
		};
		4D18AE0B286A840E007A263A /* Resources */ = {
			isa = PBXResourcesBuildPhase;
			buildActionMask = 2147483647;
			files = (
				4D18AE2D286A840E007A263A /* Assets.xcassets in Resources */,
			);
			runOnlyForDeploymentPostprocessing = 0;
		};
		4D18AE12286A840E007A263A /* Resources */ = {
			isa = PBXResourcesBuildPhase;
			buildActionMask = 2147483647;
			files = (
			);
			runOnlyForDeploymentPostprocessing = 0;
		};
		4D18AE1E286A840E007A263A /* Resources */ = {
			isa = PBXResourcesBuildPhase;
			buildActionMask = 2147483647;
			files = (
			);
			runOnlyForDeploymentPostprocessing = 0;
		};
/* End PBXResourcesBuildPhase section */

/* Begin PBXSourcesBuildPhase section */
		4D18AE03286A840D007A263A /* Sources */ = {
			isa = PBXSourcesBuildPhase;
			buildActionMask = 2147483647;
			files = (
				4D18AE28286A840E007A263A /* TipRightApp.swift in Sources */,
			);
			runOnlyForDeploymentPostprocessing = 0;
		};
		4D18AE09286A840E007A263A /* Sources */ = {
			isa = PBXSourcesBuildPhase;
			buildActionMask = 2147483647;
			files = (
				4D18AE2B286A840E007A263A /* ContentView.swift in Sources */,
				4D18AE29286A840E007A263A /* TipRightApp.swift in Sources */,
			);
			runOnlyForDeploymentPostprocessing = 0;
		};
		4D18AE10286A840E007A263A /* Sources */ = {
			isa = PBXSourcesBuildPhase;
			buildActionMask = 2147483647;
			files = (
				4D18AE1B286A840E007A263A /* Tests_iOSLaunchTests.swift in Sources */,
				4D18AE19286A840E007A263A /* Tests_iOS.swift in Sources */,
			);
			runOnlyForDeploymentPostprocessing = 0;
		};
		4D18AE1C286A840E007A263A /* Sources */ = {
			isa = PBXSourcesBuildPhase;
			buildActionMask = 2147483647;
			files = (
				4D18AE27286A840E007A263A /* Tests_macOSLaunchTests.swift in Sources */,
				4D18AE25286A840E007A263A /* Tests_macOS.swift in Sources */,
			);
			runOnlyForDeploymentPostprocessing = 0;
		};
/* End PBXSourcesBuildPhase section */

/* Begin PBXTargetDependency section */
		4D18AE16286A840E007A263A /* PBXTargetDependency */ = {
			isa = PBXTargetDependency;
			target = 4D18AE06286A840D007A263A /* TipRight (iOS) */;
			targetProxy = 4D18AE15286A840E007A263A /* PBXContainerItemProxy */;
		};
		4D18AE22286A840E007A263A /* PBXTargetDependency */ = {
			isa = PBXTargetDependency;
			target = 4D18AE0C286A840E007A263A /* TipRight (macOS) */;
			targetProxy = 4D18AE21286A840E007A263A /* PBXContainerItemProxy */;
		};
/* End PBXTargetDependency section */

/* Begin XCBuildConfiguration section */
		4D18AE2E286A840E007A263A /* Debug */ = {
			isa = XCBuildConfiguration;
			buildSettings = {
				ALWAYS_SEARCH_USER_PATHS = NO;
				CLANG_ANALYZER_NONNULL = YES;
				CLANG_ANALYZER_NUMBER_OBJECT_CONVERSION = YES_AGGRESSIVE;
				CLANG_CXX_LANGUAGE_STANDARD = "gnu++17";
				CLANG_ENABLE_MODULES = YES;
				CLANG_ENABLE_OBJC_ARC = YES;
				CLANG_ENABLE_OBJC_WEAK = YES;
				CLANG_WARN_BLOCK_CAPTURE_AUTORELEASING = YES;
				CLANG_WARN_BOOL_CONVERSION = YES;
				CLANG_WARN_COMMA = YES;
				CLANG_WARN_CONSTANT_CONVERSION = YES;
				CLANG_WARN_DEPRECATED_OBJC_IMPLEMENTATIONS = YES;
				CLANG_WARN_DIRECT_OBJC_ISA_USAGE = YES_ERROR;
				CLANG_WARN_DOCUMENTATION_COMMENTS = YES;
				CLANG_WARN_EMPTY_BODY = YES;
				CLANG_WARN_ENUM_CONVERSION = YES;
				CLANG_WARN_INFINITE_RECURSION = YES;
				CLANG_WARN_INT_CONVERSION = YES;
				CLANG_WARN_NON_LITERAL_NULL_CONVERSION = YES;
				CLANG_WARN_OBJC_IMPLICIT_RETAIN_SELF = YES;
				CLANG_WARN_OBJC_LITERAL_CONVERSION = YES;
				CLANG_WARN_OBJC_ROOT_CLASS = YES_ERROR;
				CLANG_WARN_QUOTED_INCLUDE_IN_FRAMEWORK_HEADER = YES;
				CLANG_WARN_RANGE_LOOP_ANALYSIS = YES;
				CLANG_WARN_STRICT_PROTOTYPES = YES;
				CLANG_WARN_SUSPICIOUS_MOVE = YES;
				CLANG_WARN_UNGUARDED_AVAILABILITY = YES_AGGRESSIVE;
				CLANG_WARN_UNREACHABLE_CODE = YES;
				CLANG_WARN__DUPLICATE_METHOD_MATCH = YES;
				COPY_PHASE_STRIP = NO;
				DEBUG_INFORMATION_FORMAT = dwarf;
				ENABLE_STRICT_OBJC_MSGSEND = YES;
				ENABLE_TESTABILITY = YES;
				GCC_C_LANGUAGE_STANDARD = gnu11;
				GCC_DYNAMIC_NO_PIC = NO;
				GCC_NO_COMMON_BLOCKS = YES;
				GCC_OPTIMIZATION_LEVEL = 0;
				GCC_PREPROCESSOR_DEFINITIONS = (
					"DEBUG=1",
					"$(inherited)",
				);
				GCC_WARN_64_TO_32_BIT_CONVERSION = YES;
				GCC_WARN_ABOUT_RETURN_TYPE = YES_ERROR;
				GCC_WARN_UNDECLARED_SELECTOR = YES;
				GCC_WARN_UNINITIALIZED_AUTOS = YES_AGGRESSIVE;
				GCC_WARN_UNUSED_FUNCTION = YES;
				GCC_WARN_UNUSED_VARIABLE = YES;
				MTL_ENABLE_DEBUG_INFO = INCLUDE_SOURCE;
				MTL_FAST_MATH = YES;
				ONLY_ACTIVE_ARCH = YES;
				SWIFT_ACTIVE_COMPILATION_CONDITIONS = DEBUG;
				SWIFT_OPTIMIZATION_LEVEL = "-Onone";
			};
			name = Debug;
		};
		4D18AE2F286A840E007A263A /* Release */ = {
			isa = XCBuildConfiguration;
			buildSettings = {
				ALWAYS_SEARCH_USER_PATHS = NO;
				CLANG_ANALYZER_NONNULL = YES;
				CLANG_ANALYZER_NUMBER_OBJECT_CONVERSION = YES_AGGRESSIVE;
				CLANG_CXX_LANGUAGE_STANDARD = "gnu++17";
				CLANG_ENABLE_MODULES = YES;
				CLANG_ENABLE_OBJC_ARC = YES;
				CLANG_ENABLE_OBJC_WEAK = YES;
				CLANG_WARN_BLOCK_CAPTURE_AUTORELEASING = YES;
				CLANG_WARN_BOOL_CONVERSION = YES;
				CLANG_WARN_COMMA = YES;
				CLANG_WARN_CONSTANT_CONVERSION = YES;
				CLANG_WARN_DEPRECATED_OBJC_IMPLEMENTATIONS = YES;
				CLANG_WARN_DIRECT_OBJC_ISA_USAGE = YES_ERROR;
				CLANG_WARN_DOCUMENTATION_COMMENTS = YES;
				CLANG_WARN_EMPTY_BODY = YES;
				CLANG_WARN_ENUM_CONVERSION = YES;
				CLANG_WARN_INFINITE_RECURSION = YES;
				CLANG_WARN_INT_CONVERSION = YES;
				CLANG_WARN_NON_LITERAL_NULL_CONVERSION = YES;
				CLANG_WARN_OBJC_IMPLICIT_RETAIN_SELF = YES;
				CLANG_WARN_OBJC_LITERAL_CONVERSION = YES;
				CLANG_WARN_OBJC_ROOT_CLASS = YES_ERROR;
				CLANG_WARN_QUOTED_INCLUDE_IN_FRAMEWORK_HEADER = YES;
				CLANG_WARN_RANGE_LOOP_ANALYSIS = YES;
				CLANG_WARN_STRICT_PROTOTYPES = YES;
				CLANG_WARN_SUSPICIOUS_MOVE = YES;
				CLANG_WARN_UNGUARDED_AVAILABILITY = YES_AGGRESSIVE;
				CLANG_WARN_UNREACHABLE_CODE = YES;
				CLANG_WARN__DUPLICATE_METHOD_MATCH = YES;
				COPY_PHASE_STRIP = NO;
				DEBUG_INFORMATION_FORMAT = "dwarf-with-dsym";
				ENABLE_NS_ASSERTIONS = NO;
				ENABLE_STRICT_OBJC_MSGSEND = YES;
				GCC_C_LANGUAGE_STANDARD = gnu11;
				GCC_NO_COMMON_BLOCKS = YES;
				GCC_WARN_64_TO_32_BIT_CONVERSION = YES;
				GCC_WARN_ABOUT_RETURN_TYPE = YES_ERROR;
				GCC_WARN_UNDECLARED_SELECTOR = YES;
				GCC_WARN_UNINITIALIZED_AUTOS = YES_AGGRESSIVE;
				GCC_WARN_UNUSED_FUNCTION = YES;
				GCC_WARN_UNUSED_VARIABLE = YES;
				MTL_ENABLE_DEBUG_INFO = NO;
				MTL_FAST_MATH = YES;
				SWIFT_COMPILATION_MODE = wholemodule;
				SWIFT_OPTIMIZATION_LEVEL = "-O";
			};
			name = Release;
		};
		4D18AE31286A840E007A263A /* Debug */ = {
			isa = XCBuildConfiguration;
			buildSettings = {
				ASSETCATALOG_COMPILER_APPICON_NAME = AppIcon;
				ASSETCATALOG_COMPILER_GLOBAL_ACCENT_COLOR_NAME = AccentColor;
				CODE_SIGN_STYLE = Automatic;
				CURRENT_PROJECT_VERSION = 1;
				DEVELOPMENT_TEAM = SJHNKGG86R;
				ENABLE_PREVIEWS = YES;
				GENERATE_INFOPLIST_FILE = YES;
				INFOPLIST_KEY_UIApplicationSceneManifest_Generation = YES;
				INFOPLIST_KEY_UIApplicationSupportsIndirectInputEvents = YES;
				INFOPLIST_KEY_UILaunchScreen_Generation = YES;
				INFOPLIST_KEY_UISupportedInterfaceOrientations_iPad = "UIInterfaceOrientationPortrait UIInterfaceOrientationPortraitUpsideDown UIInterfaceOrientationLandscapeLeft UIInterfaceOrientationLandscapeRight";
				INFOPLIST_KEY_UISupportedInterfaceOrientations_iPhone = "UIInterfaceOrientationPortrait UIInterfaceOrientationLandscapeLeft UIInterfaceOrientationLandscapeRight";
				IPHONEOS_DEPLOYMENT_TARGET = 15.5;
				LD_RUNPATH_SEARCH_PATHS = (
					"$(inherited)",
					"@executable_path/Frameworks",
				);
				MARKETING_VERSION = 1.0;
				PRODUCT_BUNDLE_IDENTIFIER = com.SwiftDevJournal.TipRight;
				PRODUCT_NAME = TipRight;
				SDKROOT = iphoneos;
				SWIFT_EMIT_LOC_STRINGS = YES;
				SWIFT_VERSION = 5.0;
				TARGETED_DEVICE_FAMILY = "1,2";
			};
			name = Debug;
		};
		4D18AE32286A840E007A263A /* Release */ = {
			isa = XCBuildConfiguration;
			buildSettings = {
				ASSETCATALOG_COMPILER_APPICON_NAME = AppIcon;
				ASSETCATALOG_COMPILER_GLOBAL_ACCENT_COLOR_NAME = AccentColor;
				CODE_SIGN_STYLE = Automatic;
				CURRENT_PROJECT_VERSION = 1;
				DEVELOPMENT_TEAM = SJHNKGG86R;
				ENABLE_PREVIEWS = YES;
				GENERATE_INFOPLIST_FILE = YES;
				INFOPLIST_KEY_UIApplicationSceneManifest_Generation = YES;
				INFOPLIST_KEY_UIApplicationSupportsIndirectInputEvents = YES;
				INFOPLIST_KEY_UILaunchScreen_Generation = YES;
				INFOPLIST_KEY_UISupportedInterfaceOrientations_iPad = "UIInterfaceOrientationPortrait UIInterfaceOrientationPortraitUpsideDown UIInterfaceOrientationLandscapeLeft UIInterfaceOrientationLandscapeRight";
				INFOPLIST_KEY_UISupportedInterfaceOrientations_iPhone = "UIInterfaceOrientationPortrait UIInterfaceOrientationLandscapeLeft UIInterfaceOrientationLandscapeRight";
				IPHONEOS_DEPLOYMENT_TARGET = 15.5;
				LD_RUNPATH_SEARCH_PATHS = (
					"$(inherited)",
					"@executable_path/Frameworks",
				);
				MARKETING_VERSION = 1.0;
				PRODUCT_BUNDLE_IDENTIFIER = com.SwiftDevJournal.TipRight;
				PRODUCT_NAME = TipRight;
				SDKROOT = iphoneos;
				SWIFT_EMIT_LOC_STRINGS = YES;
				SWIFT_VERSION = 5.0;
				TARGETED_DEVICE_FAMILY = "1,2";
				VALIDATE_PRODUCT = YES;
			};
			name = Release;
		};
		4D18AE34286A840E007A263A /* Debug */ = {
			isa = XCBuildConfiguration;
			buildSettings = {
				ASSETCATALOG_COMPILER_APPICON_NAME = AppIcon;
				ASSETCATALOG_COMPILER_GLOBAL_ACCENT_COLOR_NAME = AccentColor;
				CODE_SIGN_ENTITLEMENTS = macOS/macOS.entitlements;
				CODE_SIGN_STYLE = Automatic;
				COMBINE_HIDPI_IMAGES = YES;
				CURRENT_PROJECT_VERSION = 1;
				DEVELOPMENT_TEAM = SJHNKGG86R;
				ENABLE_HARDENED_RUNTIME = YES;
				ENABLE_PREVIEWS = YES;
				GENERATE_INFOPLIST_FILE = YES;
				INFOPLIST_KEY_NSHumanReadableCopyright = "";
				LD_RUNPATH_SEARCH_PATHS = (
					"$(inherited)",
					"@executable_path/../Frameworks",
				);
				MACOSX_DEPLOYMENT_TARGET = 12.3;
				MARKETING_VERSION = 1.0;
				PRODUCT_BUNDLE_IDENTIFIER = com.SwiftDevJournal.TipRight;
				PRODUCT_NAME = TipRight;
				SDKROOT = macosx;
				SWIFT_EMIT_LOC_STRINGS = YES;
				SWIFT_VERSION = 5.0;
			};
			name = Debug;
		};
		4D18AE35286A840E007A263A /* Release */ = {
			isa = XCBuildConfiguration;
			buildSettings = {
				ASSETCATALOG_COMPILER_APPICON_NAME = AppIcon;
				ASSETCATALOG_COMPILER_GLOBAL_ACCENT_COLOR_NAME = AccentColor;
				CODE_SIGN_ENTITLEMENTS = macOS/macOS.entitlements;
				CODE_SIGN_STYLE = Automatic;
				COMBINE_HIDPI_IMAGES = YES;
				CURRENT_PROJECT_VERSION = 1;
				DEVELOPMENT_TEAM = SJHNKGG86R;
				ENABLE_HARDENED_RUNTIME = YES;
				ENABLE_PREVIEWS = YES;
				GENERATE_INFOPLIST_FILE = YES;
				INFOPLIST_KEY_NSHumanReadableCopyright = "";
				LD_RUNPATH_SEARCH_PATHS = (
					"$(inherited)",
					"@executable_path/../Frameworks",
				);
				MACOSX_DEPLOYMENT_TARGET = 12.3;
				MARKETING_VERSION = 1.0;
				PRODUCT_BUNDLE_IDENTIFIER = com.SwiftDevJournal.TipRight;
				PRODUCT_NAME = TipRight;
				SDKROOT = macosx;
				SWIFT_EMIT_LOC_STRINGS = YES;
				SWIFT_VERSION = 5.0;
			};
			name = Release;
		};
		4D18AE37286A840E007A263A /* Debug */ = {
			isa = XCBuildConfiguration;
			buildSettings = {
				ALWAYS_EMBED_SWIFT_STANDARD_LIBRARIES = YES;
				CODE_SIGN_STYLE = Automatic;
				CURRENT_PROJECT_VERSION = 1;
				DEVELOPMENT_TEAM = SJHNKGG86R;
				GENERATE_INFOPLIST_FILE = YES;
				IPHONEOS_DEPLOYMENT_TARGET = 15.5;
				MARKETING_VERSION = 1.0;
				PRODUCT_BUNDLE_IDENTIFIER = "com.SwiftDevJournal.Tests-iOS";
				PRODUCT_NAME = "$(TARGET_NAME)";
				SDKROOT = iphoneos;
				SWIFT_EMIT_LOC_STRINGS = NO;
				SWIFT_VERSION = 5.0;
				TARGETED_DEVICE_FAMILY = "1,2";
				TEST_TARGET_NAME = "TipRight (iOS)";
			};
			name = Debug;
		};
		4D18AE38286A840E007A263A /* Release */ = {
			isa = XCBuildConfiguration;
			buildSettings = {
				ALWAYS_EMBED_SWIFT_STANDARD_LIBRARIES = YES;
				CODE_SIGN_STYLE = Automatic;
				CURRENT_PROJECT_VERSION = 1;
				DEVELOPMENT_TEAM = SJHNKGG86R;
				GENERATE_INFOPLIST_FILE = YES;
				IPHONEOS_DEPLOYMENT_TARGET = 15.5;
				MARKETING_VERSION = 1.0;
				PRODUCT_BUNDLE_IDENTIFIER = "com.SwiftDevJournal.Tests-iOS";
				PRODUCT_NAME = "$(TARGET_NAME)";
				SDKROOT = iphoneos;
				SWIFT_EMIT_LOC_STRINGS = NO;
				SWIFT_VERSION = 5.0;
				TARGETED_DEVICE_FAMILY = "1,2";
				TEST_TARGET_NAME = "TipRight (iOS)";
				VALIDATE_PRODUCT = YES;
			};
			name = Release;
		};
		4D18AE3A286A840E007A263A /* Debug */ = {
			isa = XCBuildConfiguration;
			buildSettings = {
				ALWAYS_EMBED_SWIFT_STANDARD_LIBRARIES = YES;
				CODE_SIGN_STYLE = Automatic;
				CURRENT_PROJECT_VERSION = 1;
				DEVELOPMENT_TEAM = SJHNKGG86R;
				GENERATE_INFOPLIST_FILE = YES;
				MACOSX_DEPLOYMENT_TARGET = 12.3;
				MARKETING_VERSION = 1.0;
				PRODUCT_BUNDLE_IDENTIFIER = "com.SwiftDevJournal.Tests-macOS";
				PRODUCT_NAME = "$(TARGET_NAME)";
				SDKROOT = macosx;
				SWIFT_EMIT_LOC_STRINGS = NO;
				SWIFT_VERSION = 5.0;
				TEST_TARGET_NAME = "TipRight (macOS)";
			};
			name = Debug;
		};
		4D18AE3B286A840E007A263A /* Release */ = {
			isa = XCBuildConfiguration;
			buildSettings = {
				ALWAYS_EMBED_SWIFT_STANDARD_LIBRARIES = YES;
				CODE_SIGN_STYLE = Automatic;
				CURRENT_PROJECT_VERSION = 1;
				DEVELOPMENT_TEAM = SJHNKGG86R;
				GENERATE_INFOPLIST_FILE = YES;
				MACOSX_DEPLOYMENT_TARGET = 12.3;
				MARKETING_VERSION = 1.0;
				PRODUCT_BUNDLE_IDENTIFIER = "com.SwiftDevJournal.Tests-macOS";
				PRODUCT_NAME = "$(TARGET_NAME)";
				SDKROOT = macosx;
				SWIFT_EMIT_LOC_STRINGS = NO;
				SWIFT_VERSION = 5.0;
				TEST_TARGET_NAME = "TipRight (macOS)";
			};
			name = Release;
		};
/* End XCBuildConfiguration section */

/* Begin XCConfigurationList section */
		4D18ADFE286A840A007A263A /* Build configuration list for PBXProject "TipRight" */ = {
			isa = XCConfigurationList;
			buildConfigurations = (
				4D18AE2E286A840E007A263A /* Debug */,
				4D18AE2F286A840E007A263A /* Release */,
			);
			defaultConfigurationIsVisible = 0;
			defaultConfigurationName = Release;
		};
		4D18AE30286A840E007A263A /* Build configuration list for PBXNativeTarget "TipRight (iOS)" */ = {
			isa = XCConfigurationList;
			buildConfigurations = (
				4D18AE31286A840E007A263A /* Debug */,
				4D18AE32286A840E007A263A /* Release */,
			);
			defaultConfigurationIsVisible = 0;
			defaultConfigurationName = Release;
		};
		4D18AE33286A840E007A263A /* Build configuration list for PBXNativeTarget "TipRight (macOS)" */ = {
			isa = XCConfigurationList;
			buildConfigurations = (
				4D18AE34286A840E007A263A /* Debug */,
				4D18AE35286A840E007A263A /* Release */,
			);
			defaultConfigurationIsVisible = 0;
			defaultConfigurationName = Release;
		};
		4D18AE36286A840E007A263A /* Build configuration list for PBXNativeTarget "Tests iOS" */ = {
			isa = XCConfigurationList;
			buildConfigurations = (
				4D18AE37286A840E007A263A /* Debug */,
				4D18AE38286A840E007A263A /* Release */,
			);
			defaultConfigurationIsVisible = 0;
			defaultConfigurationName = Release;
		};
		4D18AE39286A840E007A263A /* Build configuration list for PBXNativeTarget "Tests macOS" */ = {
			isa = XCConfigurationList;
			buildConfigurations = (
				4D18AE3A286A840E007A263A /* Debug */,
				4D18AE3B286A840E007A263A /* Release */,
			);
			defaultConfigurationIsVisible = 0;
			defaultConfigurationName = Release;
		};
/* End XCConfigurationList section */
	};
	rootObject = 4D18ADFB286A840A007A263A /* Project object */;
}
